// !$*UTF8*$!
{
	archiveVersion = 1;
	classes = {
	};
	objectVersion = 56;
	objects = {

/* Begin PBXBuildFile section */
		B65E13F42B05BB0500ABB27B /* AppDelegate.swift in Sources */ = {isa = PBXBuildFile; fileRef = B65E13F32B05BB0500ABB27B /* AppDelegate.swift */; };
		B65E13F62B05BB0500ABB27B /* SceneDelegate.swift in Sources */ = {isa = PBXBuildFile; fileRef = B65E13F52B05BB0500ABB27B /* SceneDelegate.swift */; };
		B65E13F82B05BB0500ABB27B /* FirstViewController.swift in Sources */ = {isa = PBXBuildFile; fileRef = B65E13F72B05BB0500ABB27B /* FirstViewController.swift */; };
		B65E13FD2B05BB0900ABB27B /* Assets.xcassets in Resources */ = {isa = PBXBuildFile; fileRef = B65E13FC2B05BB0900ABB27B /* Assets.xcassets */; };
		B65E14002B05BB0900ABB27B /* LaunchScreen.storyboard in Resources */ = {isa = PBXBuildFile; fileRef = B65E13FE2B05BB0900ABB27B /* LaunchScreen.storyboard */; };
		B65E14142B05BC6900ABB27B /* SecondViewController.swift in Sources */ = {isa = PBXBuildFile; fileRef = B65E14132B05BC6900ABB27B /* SecondViewController.swift */; };
		B65E14182B05E3BD00ABB27B /* Coordinator.swift in Sources */ = {isa = PBXBuildFile; fileRef = B65E14172B05E3BD00ABB27B /* Coordinator.swift */; };
		B65E141A2B05E5CA00ABB27B /* SceneCoordinator.swift in Sources */ = {isa = PBXBuildFile; fileRef = B65E14192B05E5CA00ABB27B /* SceneCoordinator.swift */; };
/* End PBXBuildFile section */

/* Begin PBXFileReference section */
		B65E13F02B05BB0500ABB27B /* MVVM-C Example.app */ = {isa = PBXFileReference; explicitFileType = wrapper.application; includeInIndex = 0; path = "MVVM-C Example.app"; sourceTree = BUILT_PRODUCTS_DIR; };
		B65E13F32B05BB0500ABB27B /* AppDelegate.swift */ = {isa = PBXFileReference; lastKnownFileType = sourcecode.swift; path = AppDelegate.swift; sourceTree = "<group>"; };
		B65E13F52B05BB0500ABB27B /* SceneDelegate.swift */ = {isa = PBXFileReference; lastKnownFileType = sourcecode.swift; path = SceneDelegate.swift; sourceTree = "<group>"; };
		B65E13F72B05BB0500ABB27B /* FirstViewController.swift */ = {isa = PBXFileReference; lastKnownFileType = sourcecode.swift; path = FirstViewController.swift; sourceTree = "<group>"; };
		B65E13FC2B05BB0900ABB27B /* Assets.xcassets */ = {isa = PBXFileReference; lastKnownFileType = folder.assetcatalog; path = Assets.xcassets; sourceTree = "<group>"; };
		B65E13FF2B05BB0900ABB27B /* Base */ = {isa = PBXFileReference; lastKnownFileType = file.storyboard; name = Base; path = Base.lproj/LaunchScreen.storyboard; sourceTree = "<group>"; };
		B65E14012B05BB0900ABB27B /* Info.plist */ = {isa = PBXFileReference; lastKnownFileType = text.plist.xml; path = Info.plist; sourceTree = "<group>"; };
		B65E14132B05BC6900ABB27B /* SecondViewController.swift */ = {isa = PBXFileReference; lastKnownFileType = sourcecode.swift; path = SecondViewController.swift; sourceTree = "<group>"; };
		B65E14172B05E3BD00ABB27B /* Coordinator.swift */ = {isa = PBXFileReference; lastKnownFileType = sourcecode.swift; path = Coordinator.swift; sourceTree = "<group>"; };
		B65E14192B05E5CA00ABB27B /* SceneCoordinator.swift */ = {isa = PBXFileReference; lastKnownFileType = sourcecode.swift; path = SceneCoordinator.swift; sourceTree = "<group>"; };
/* End PBXFileReference section */

/* Begin PBXFrameworksBuildPhase section */
		B65E13ED2B05BB0500ABB27B /* Frameworks */ = {
			isa = PBXFrameworksBuildPhase;
			buildActionMask = 2147483647;
			files = (
			);
			runOnlyForDeploymentPostprocessing = 0;
		};
/* End PBXFrameworksBuildPhase section */

/* Begin PBXGroup section */
		B65E13E72B05BB0500ABB27B = {
			isa = PBXGroup;
			children = (
				B65E13F22B05BB0500ABB27B /* MVVM-C Example */,
				B65E13F12B05BB0500ABB27B /* Products */,
			);
			sourceTree = "<group>";
		};
		B65E13F12B05BB0500ABB27B /* Products */ = {
			isa = PBXGroup;
			children = (
				B65E13F02B05BB0500ABB27B /* MVVM-C Example.app */,
			);
			name = Products;
			sourceTree = "<group>";
		};
		B65E13F22B05BB0500ABB27B /* MVVM-C Example */ = {
			isa = PBXGroup;
			children = (
				B65E14162B05E3A500ABB27B /* Coordinators */,
				B65E14152B05E35F00ABB27B /* Application */,
				B65E140D2B05BC0A00ABB27B /* Second */,
				B65E14072B05BBC000ABB27B /* First */,
			);
			path = "MVVM-C Example";
			sourceTree = "<group>";
		};
		B65E14072B05BBC000ABB27B /* First */ = {
			isa = PBXGroup;
			children = (
				B65E140C2B05BBF800ABB27B /* Views */,
				B65E140B2B05BBF100ABB27B /* ViewModels */,
				B65E140A2B05BBE600ABB27B /* ViewDatas */,
				B65E14092B05BBE000ABB27B /* Services */,
				B65E14082B05BBD000ABB27B /* Coordinators */,
			);
			name = First;
			sourceTree = "<group>";
		};
		B65E14082B05BBD000ABB27B /* Coordinators */ = {
			isa = PBXGroup;
			children = (
			);
			name = Coordinators;
			sourceTree = "<group>";
		};
		B65E14092B05BBE000ABB27B /* Services */ = {
			isa = PBXGroup;
			children = (
			);
			name = Services;
			sourceTree = "<group>";
		};
		B65E140A2B05BBE600ABB27B /* ViewDatas */ = {
			isa = PBXGroup;
			children = (
			);
			name = ViewDatas;
			sourceTree = "<group>";
		};
		B65E140B2B05BBF100ABB27B /* ViewModels */ = {
			isa = PBXGroup;
			children = (
			);
			name = ViewModels;
			sourceTree = "<group>";
		};
		B65E140C2B05BBF800ABB27B /* Views */ = {
			isa = PBXGroup;
			children = (
				B65E13F72B05BB0500ABB27B /* FirstViewController.swift */,
			);
			name = Views;
			sourceTree = "<group>";
		};
		B65E140D2B05BC0A00ABB27B /* Second */ = {
			isa = PBXGroup;
			children = (
				B65E14122B05BC4A00ABB27B /* Views */,
				B65E14112B05BC3600ABB27B /* ViewModels */,
				B65E14102B05BC2400ABB27B /* ViewDatas */,
				B65E140F2B05BC1A00ABB27B /* Services */,
				B65E140E2B05BC1400ABB27B /* Coordinators */,
			);
			name = Second;
			sourceTree = "<group>";
		};
		B65E140E2B05BC1400ABB27B /* Coordinators */ = {
			isa = PBXGroup;
			children = (
			);
			name = Coordinators;
			sourceTree = "<group>";
		};
		B65E140F2B05BC1A00ABB27B /* Services */ = {
			isa = PBXGroup;
			children = (
			);
			name = Services;
			sourceTree = "<group>";
		};
		B65E14102B05BC2400ABB27B /* ViewDatas */ = {
			isa = PBXGroup;
			children = (
			);
			name = ViewDatas;
			sourceTree = "<group>";
		};
		B65E14112B05BC3600ABB27B /* ViewModels */ = {
			isa = PBXGroup;
			children = (
			);
			name = ViewModels;
			sourceTree = "<group>";
		};
		B65E14122B05BC4A00ABB27B /* Views */ = {
			isa = PBXGroup;
			children = (
				B65E14132B05BC6900ABB27B /* SecondViewController.swift */,
			);
			name = Views;
			sourceTree = "<group>";
		};
		B65E14152B05E35F00ABB27B /* Application */ = {
			isa = PBXGroup;
			children = (
				B65E13F32B05BB0500ABB27B /* AppDelegate.swift */,
				B65E13F52B05BB0500ABB27B /* SceneDelegate.swift */,
				B65E13FE2B05BB0900ABB27B /* LaunchScreen.storyboard */,
				B65E13FC2B05BB0900ABB27B /* Assets.xcassets */,
				B65E14012B05BB0900ABB27B /* Info.plist */,
			);
			name = Application;
			sourceTree = "<group>";
		};
		B65E14162B05E3A500ABB27B /* Coordinators */ = {
			isa = PBXGroup;
			children = (
				B65E14172B05E3BD00ABB27B /* Coordinator.swift */,
				B65E14192B05E5CA00ABB27B /* SceneCoordinator.swift */,
			);
			name = Coordinators;
			sourceTree = "<group>";
		};
/* End PBXGroup section */

/* Begin PBXNativeTarget section */
		B65E13EF2B05BB0500ABB27B /* MVVM-C Example */ = {
			isa = PBXNativeTarget;
			buildConfigurationList = B65E14042B05BB0900ABB27B /* Build configuration list for PBXNativeTarget "MVVM-C Example" */;
			buildPhases = (
				B65E13EC2B05BB0500ABB27B /* Sources */,
				B65E13ED2B05BB0500ABB27B /* Frameworks */,
				B65E13EE2B05BB0500ABB27B /* Resources */,
			);
			buildRules = (
			);
			dependencies = (
			);
			name = "MVVM-C Example";
			productName = "MVVM-C Example";
			productReference = B65E13F02B05BB0500ABB27B /* MVVM-C Example.app */;
			productType = "com.apple.product-type.application";
		};
/* End PBXNativeTarget section */

/* Begin PBXProject section */
		B65E13E82B05BB0500ABB27B /* Project object */ = {
			isa = PBXProject;
			attributes = {
				BuildIndependentTargetsInParallel = 1;
				LastSwiftUpdateCheck = 1500;
				LastUpgradeCheck = 1500;
				TargetAttributes = {
					B65E13EF2B05BB0500ABB27B = {
						CreatedOnToolsVersion = 15.0.1;
					};
				};
			};
			buildConfigurationList = B65E13EB2B05BB0500ABB27B /* Build configuration list for PBXProject "MVVM-C Example" */;
			compatibilityVersion = "Xcode 14.0";
			developmentRegion = en;
			hasScannedForEncodings = 0;
			knownRegions = (
				en,
				Base,
			);
			mainGroup = B65E13E72B05BB0500ABB27B;
			productRefGroup = B65E13F12B05BB0500ABB27B /* Products */;
			projectDirPath = "";
			projectRoot = "";
			targets = (
				B65E13EF2B05BB0500ABB27B /* MVVM-C Example */,
			);
		};
/* End PBXProject section */

/* Begin PBXResourcesBuildPhase section */
		B65E13EE2B05BB0500ABB27B /* Resources */ = {
			isa = PBXResourcesBuildPhase;
			buildActionMask = 2147483647;
			files = (
				B65E14002B05BB0900ABB27B /* LaunchScreen.storyboard in Resources */,
				B65E13FD2B05BB0900ABB27B /* Assets.xcassets in Resources */,
			);
			runOnlyForDeploymentPostprocessing = 0;
		};
/* End PBXResourcesBuildPhase section */

/* Begin PBXSourcesBuildPhase section */
		B65E13EC2B05BB0500ABB27B /* Sources */ = {
			isa = PBXSourcesBuildPhase;
			buildActionMask = 2147483647;
			files = (
				B65E141A2B05E5CA00ABB27B /* SceneCoordinator.swift in Sources */,
				B65E14142B05BC6900ABB27B /* SecondViewController.swift in Sources */,
				B65E13F82B05BB0500ABB27B /* FirstViewController.swift in Sources */,
				B65E14182B05E3BD00ABB27B /* Coordinator.swift in Sources */,
				B65E13F42B05BB0500ABB27B /* AppDelegate.swift in Sources */,
				B65E13F62B05BB0500ABB27B /* SceneDelegate.swift in Sources */,
			);
			runOnlyForDeploymentPostprocessing = 0;
		};
/* End PBXSourcesBuildPhase section */

/* Begin PBXVariantGroup section */
		B65E13FE2B05BB0900ABB27B /* LaunchScreen.storyboard */ = {
			isa = PBXVariantGroup;
			children = (
				B65E13FF2B05BB0900ABB27B /* Base */,
			);
			name = LaunchScreen.storyboard;
			sourceTree = "<group>";
		};
/* End PBXVariantGroup section */

/* Begin XCBuildConfiguration section */
		B65E14022B05BB0900ABB27B /* Debug */ = {
			isa = XCBuildConfiguration;
			buildSettings = {
				ALWAYS_SEARCH_USER_PATHS = NO;
				ASSETCATALOG_COMPILER_GENERATE_SWIFT_ASSET_SYMBOL_EXTENSIONS = YES;
				CLANG_ANALYZER_NONNULL = YES;
				CLANG_ANALYZER_NUMBER_OBJECT_CONVERSION = YES_AGGRESSIVE;
				CLANG_CXX_LANGUAGE_STANDARD = "gnu++20";
				CLANG_ENABLE_MODULES = YES;
				CLANG_ENABLE_OBJC_ARC = YES;
				CLANG_ENABLE_OBJC_WEAK = YES;
				CLANG_WARN_BLOCK_CAPTURE_AUTORELEASING = YES;
				CLANG_WARN_BOOL_CONVERSION = YES;
				CLANG_WARN_COMMA = YES;
				CLANG_WARN_CONSTANT_CONVERSION = YES;
				CLANG_WARN_DEPRECATED_OBJC_IMPLEMENTATIONS = YES;
				CLANG_WARN_DIRECT_OBJC_ISA_USAGE = YES_ERROR;
				CLANG_WARN_DOCUMENTATION_COMMENTS = YES;
				CLANG_WARN_EMPTY_BODY = YES;
				CLANG_WARN_ENUM_CONVERSION = YES;
				CLANG_WARN_INFINITE_RECURSION = YES;
				CLANG_WARN_INT_CONVERSION = YES;
				CLANG_WARN_NON_LITERAL_NULL_CONVERSION = YES;
				CLANG_WARN_OBJC_IMPLICIT_RETAIN_SELF = YES;
				CLANG_WARN_OBJC_LITERAL_CONVERSION = YES;
				CLANG_WARN_OBJC_ROOT_CLASS = YES_ERROR;
				CLANG_WARN_QUOTED_INCLUDE_IN_FRAMEWORK_HEADER = YES;
				CLANG_WARN_RANGE_LOOP_ANALYSIS = YES;
				CLANG_WARN_STRICT_PROTOTYPES = YES;
				CLANG_WARN_SUSPICIOUS_MOVE = YES;
				CLANG_WARN_UNGUARDED_AVAILABILITY = YES_AGGRESSIVE;
				CLANG_WARN_UNREACHABLE_CODE = YES;
				CLANG_WARN__DUPLICATE_METHOD_MATCH = YES;
				COPY_PHASE_STRIP = NO;
				DEBUG_INFORMATION_FORMAT = dwarf;
				ENABLE_STRICT_OBJC_MSGSEND = YES;
				ENABLE_TESTABILITY = YES;
				ENABLE_USER_SCRIPT_SANDBOXING = YES;
				GCC_C_LANGUAGE_STANDARD = gnu17;
				GCC_DYNAMIC_NO_PIC = NO;
				GCC_NO_COMMON_BLOCKS = YES;
				GCC_OPTIMIZATION_LEVEL = 0;
				GCC_PREPROCESSOR_DEFINITIONS = (
					"DEBUG=1",
					"$(inherited)",
				);
				GCC_WARN_64_TO_32_BIT_CONVERSION = YES;
				GCC_WARN_ABOUT_RETURN_TYPE = YES_ERROR;
				GCC_WARN_UNDECLARED_SELECTOR = YES;
				GCC_WARN_UNINITIALIZED_AUTOS = YES_AGGRESSIVE;
				GCC_WARN_UNUSED_FUNCTION = YES;
				GCC_WARN_UNUSED_VARIABLE = YES;
				IPHONEOS_DEPLOYMENT_TARGET = 17.0;
				LOCALIZATION_PREFERS_STRING_CATALOGS = YES;
				MTL_ENABLE_DEBUG_INFO = INCLUDE_SOURCE;
				MTL_FAST_MATH = YES;
				ONLY_ACTIVE_ARCH = YES;
				SDKROOT = iphoneos;
				SWIFT_ACTIVE_COMPILATION_CONDITIONS = "DEBUG $(inherited)";
				SWIFT_OPTIMIZATION_LEVEL = "-Onone";
			};
			name = Debug;
		};
		B65E14032B05BB0900ABB27B /* Release */ = {
			isa = XCBuildConfiguration;
			buildSettings = {
				ALWAYS_SEARCH_USER_PATHS = NO;
				ASSETCATALOG_COMPILER_GENERATE_SWIFT_ASSET_SYMBOL_EXTENSIONS = YES;
				CLANG_ANALYZER_NONNULL = YES;
				CLANG_ANALYZER_NUMBER_OBJECT_CONVERSION = YES_AGGRESSIVE;
				CLANG_CXX_LANGUAGE_STANDARD = "gnu++20";
				CLANG_ENABLE_MODULES = YES;
				CLANG_ENABLE_OBJC_ARC = YES;
				CLANG_ENABLE_OBJC_WEAK = YES;
				CLANG_WARN_BLOCK_CAPTURE_AUTORELEASING = YES;
				CLANG_WARN_BOOL_CONVERSION = YES;
				CLANG_WARN_COMMA = YES;
				CLANG_WARN_CONSTANT_CONVERSION = YES;
				CLANG_WARN_DEPRECATED_OBJC_IMPLEMENTATIONS = YES;
				CLANG_WARN_DIRECT_OBJC_ISA_USAGE = YES_ERROR;
				CLANG_WARN_DOCUMENTATION_COMMENTS = YES;
				CLANG_WARN_EMPTY_BODY = YES;
				CLANG_WARN_ENUM_CONVERSION = YES;
				CLANG_WARN_INFINITE_RECURSION = YES;
				CLANG_WARN_INT_CONVERSION = YES;
				CLANG_WARN_NON_LITERAL_NULL_CONVERSION = YES;
				CLANG_WARN_OBJC_IMPLICIT_RETAIN_SELF = YES;
				CLANG_WARN_OBJC_LITERAL_CONVERSION = YES;
				CLANG_WARN_OBJC_ROOT_CLASS = YES_ERROR;
				CLANG_WARN_QUOTED_INCLUDE_IN_FRAMEWORK_HEADER = YES;
				CLANG_WARN_RANGE_LOOP_ANALYSIS = YES;
				CLANG_WARN_STRICT_PROTOTYPES = YES;
				CLANG_WARN_SUSPICIOUS_MOVE = YES;
				CLANG_WARN_UNGUARDED_AVAILABILITY = YES_AGGRESSIVE;
				CLANG_WARN_UNREACHABLE_CODE = YES;
				CLANG_WARN__DUPLICATE_METHOD_MATCH = YES;
				COPY_PHASE_STRIP = NO;
				DEBUG_INFORMATION_FORMAT = "dwarf-with-dsym";
				ENABLE_NS_ASSERTIONS = NO;
				ENABLE_STRICT_OBJC_MSGSEND = YES;
				ENABLE_USER_SCRIPT_SANDBOXING = YES;
				GCC_C_LANGUAGE_STANDARD = gnu17;
				GCC_NO_COMMON_BLOCKS = YES;
				GCC_WARN_64_TO_32_BIT_CONVERSION = YES;
				GCC_WARN_ABOUT_RETURN_TYPE = YES_ERROR;
				GCC_WARN_UNDECLARED_SELECTOR = YES;
				GCC_WARN_UNINITIALIZED_AUTOS = YES_AGGRESSIVE;
				GCC_WARN_UNUSED_FUNCTION = YES;
				GCC_WARN_UNUSED_VARIABLE = YES;
				IPHONEOS_DEPLOYMENT_TARGET = 17.0;
				LOCALIZATION_PREFERS_STRING_CATALOGS = YES;
				MTL_ENABLE_DEBUG_INFO = NO;
				MTL_FAST_MATH = YES;
				SDKROOT = iphoneos;
				SWIFT_COMPILATION_MODE = wholemodule;
				VALIDATE_PRODUCT = YES;
			};
			name = Release;
		};
		B65E14052B05BB0900ABB27B /* Debug */ = {
			isa = XCBuildConfiguration;
			buildSettings = {
				ASSETCATALOG_COMPILER_APPICON_NAME = AppIcon;
				ASSETCATALOG_COMPILER_GLOBAL_ACCENT_COLOR_NAME = AccentColor;
				CODE_SIGN_STYLE = Automatic;
				CURRENT_PROJECT_VERSION = 1;
				DEVELOPMENT_TEAM = 2N64875GLV;
				ENABLE_USER_SCRIPT_SANDBOXING = NO;
				GENERATE_INFOPLIST_FILE = YES;
				INFOPLIST_FILE = "MVVM-C Example/Info.plist";
				INFOPLIST_KEY_UIApplicationSupportsIndirectInputEvents = YES;
				INFOPLIST_KEY_UILaunchStoryboardName = LaunchScreen;
				INFOPLIST_KEY_UISupportedInterfaceOrientations = UIInterfaceOrientationPortrait;
				INFOPLIST_KEY_UISupportedInterfaceOrientations_iPad = "UIInterfaceOrientationPortrait UIInterfaceOrientationPortraitUpsideDown";
				IPHONEOS_DEPLOYMENT_TARGET = 14.0;
				LD_RUNPATH_SEARCH_PATHS = (
					"$(inherited)",
					"@executable_path/Frameworks",
				);
				MARKETING_VERSION = 1.0;
				PRODUCT_BUNDLE_IDENTIFIER = "com.github.syndicate017.MVVM-C-Example";
				PRODUCT_NAME = "$(TARGET_NAME)";
				SUPPORTED_PLATFORMS = "iphoneos iphonesimulator";
				SUPPORTS_MACCATALYST = NO;
				SUPPORTS_MAC_DESIGNED_FOR_IPHONE_IPAD = NO;
				SWIFT_EMIT_LOC_STRINGS = YES;
				SWIFT_VERSION = 5.0;
				TARGETED_DEVICE_FAMILY = "1,2";
			};
			name = Debug;
		};
		B65E14062B05BB0900ABB27B /* Release */ = {
			isa = XCBuildConfiguration;
			buildSettings = {
				ASSETCATALOG_COMPILER_APPICON_NAME = AppIcon;
				ASSETCATALOG_COMPILER_GLOBAL_ACCENT_COLOR_NAME = AccentColor;
				CODE_SIGN_STYLE = Automatic;
				CURRENT_PROJECT_VERSION = 1;
				DEVELOPMENT_TEAM = 2N64875GLV;
				ENABLE_USER_SCRIPT_SANDBOXING = NO;
				GENERATE_INFOPLIST_FILE = YES;
				INFOPLIST_FILE = "MVVM-C Example/Info.plist";
				INFOPLIST_KEY_UIApplicationSupportsIndirectInputEvents = YES;
				INFOPLIST_KEY_UILaunchStoryboardName = LaunchScreen;
				INFOPLIST_KEY_UISupportedInterfaceOrientations = UIInterfaceOrientationPortrait;
				INFOPLIST_KEY_UISupportedInterfaceOrientations_iPad = "UIInterfaceOrientationPortrait UIInterfaceOrientationPortraitUpsideDown";
				IPHONEOS_DEPLOYMENT_TARGET = 14.0;
				LD_RUNPATH_SEARCH_PATHS = (
					"$(inherited)",
					"@executable_path/Frameworks",
				);
				MARKETING_VERSION = 1.0;
				PRODUCT_BUNDLE_IDENTIFIER = "com.github.syndicate017.MVVM-C-Example";
				PRODUCT_NAME = "$(TARGET_NAME)";
				SUPPORTED_PLATFORMS = "iphoneos iphonesimulator";
				SUPPORTS_MACCATALYST = NO;
				SUPPORTS_MAC_DESIGNED_FOR_IPHONE_IPAD = NO;
				SWIFT_EMIT_LOC_STRINGS = YES;
				SWIFT_VERSION = 5.0;
				TARGETED_DEVICE_FAMILY = "1,2";
			};
			name = Release;
		};
/* End XCBuildConfiguration section */

/* Begin XCConfigurationList section */
		B65E13EB2B05BB0500ABB27B /* Build configuration list for PBXProject "MVVM-C Example" */ = {
			isa = XCConfigurationList;
			buildConfigurations = (
				B65E14022B05BB0900ABB27B /* Debug */,
				B65E14032B05BB0900ABB27B /* Release */,
			);
			defaultConfigurationIsVisible = 0;
			defaultConfigurationName = Release;
		};
		B65E14042B05BB0900ABB27B /* Build configuration list for PBXNativeTarget "MVVM-C Example" */ = {
			isa = XCConfigurationList;
			buildConfigurations = (
				B65E14052B05BB0900ABB27B /* Debug */,
				B65E14062B05BB0900ABB27B /* Release */,
			);
			defaultConfigurationIsVisible = 0;
			defaultConfigurationName = Release;
		};
/* End XCConfigurationList section */
	};
	rootObject = B65E13E82B05BB0500ABB27B /* Project object */;
}
